{
  "object": {
    "pins": [
      {
        "package": "BottomBar-SwiftUI",
        "repositoryURL": "https://github.com/smartvipere75/bottombar-swiftui",
        "state": {
          "branch": "master",
          "revision": "03f7ea8cbb71747a8633a0ec778697da6e9ef482",
          "version": null
        }
      }
    ]
  },
  "version": 1
}
